// !$*UTF8*$!
{
	archiveVersion = 1;
	classes = {
	};
	objectVersion = 51;
	objects = {

/* Begin PBXBuildFile section */
		7B24F33B43966B20FF2B88E6 /* Pods_Collektor.framework in Frameworks */ = {isa = PBXBuildFile; fileRef = 6DB2EDD8810681B7753047D9 /* Pods_Collektor.framework */; };
		AF406966238E24E900CC1E18 /* DetailViewController.swift in Sources */ = {isa = PBXBuildFile; fileRef = AF406965238E24E900CC1E18 /* DetailViewController.swift */; };
		AFC2C240238B447C0014BEA2 /* AppDelegate.swift in Sources */ = {isa = PBXBuildFile; fileRef = AFC2C23F238B447C0014BEA2 /* AppDelegate.swift */; };
		AFC2C244238B447C0014BEA2 /* SeriesViewController.swift in Sources */ = {isa = PBXBuildFile; fileRef = AFC2C243238B447C0014BEA2 /* SeriesViewController.swift */; };
		AFC2C247238B447C0014BEA2 /* Main.storyboard in Resources */ = {isa = PBXBuildFile; fileRef = AFC2C245238B447C0014BEA2 /* Main.storyboard */; };
		AFC2C24C238B447E0014BEA2 /* Assets.xcassets in Resources */ = {isa = PBXBuildFile; fileRef = AFC2C24B238B447E0014BEA2 /* Assets.xcassets */; };
		AFC2C24F238B447E0014BEA2 /* LaunchScreen.storyboard in Resources */ = {isa = PBXBuildFile; fileRef = AFC2C24D238B447E0014BEA2 /* LaunchScreen.storyboard */; };
		AFC2C267238B9C780014BEA2 /* DeckViewController.swift in Sources */ = {isa = PBXBuildFile; fileRef = AFC2C266238B9C780014BEA2 /* DeckViewController.swift */; };
		AFC2C271238C80A40014BEA2 /* CardViewController.swift in Sources */ = {isa = PBXBuildFile; fileRef = AFC2C270238C80A40014BEA2 /* CardViewController.swift */; };
		AFF359FB2397519C00A69B20 /* Series.swift in Sources */ = {isa = PBXBuildFile; fileRef = AFF359FA2397519C00A69B20 /* Series.swift */; };
		AFF359FD239751B400A69B20 /* Deck.swift in Sources */ = {isa = PBXBuildFile; fileRef = AFF359FC239751B400A69B20 /* Deck.swift */; };
		AFF359FF239751C400A69B20 /* Card.swift in Sources */ = {isa = PBXBuildFile; fileRef = AFF359FE239751C400A69B20 /* Card.swift */; };
/* End PBXBuildFile section */

/* Begin PBXFileReference section */
		00B4CE15377EC57FA3CC6D59 /* Pods-Collektor.release.xcconfig */ = {isa = PBXFileReference; includeInIndex = 1; lastKnownFileType = text.xcconfig; name = "Pods-Collektor.release.xcconfig"; path = "Target Support Files/Pods-Collektor/Pods-Collektor.release.xcconfig"; sourceTree = "<group>"; };
		605C39E8618D4E26012775DB /* Pods-Collektor.debug.xcconfig */ = {isa = PBXFileReference; includeInIndex = 1; lastKnownFileType = text.xcconfig; name = "Pods-Collektor.debug.xcconfig"; path = "Target Support Files/Pods-Collektor/Pods-Collektor.debug.xcconfig"; sourceTree = "<group>"; };
		6DB2EDD8810681B7753047D9 /* Pods_Collektor.framework */ = {isa = PBXFileReference; explicitFileType = wrapper.framework; includeInIndex = 0; path = Pods_Collektor.framework; sourceTree = BUILT_PRODUCTS_DIR; };
		AF406965238E24E900CC1E18 /* DetailViewController.swift */ = {isa = PBXFileReference; lastKnownFileType = sourcecode.swift; name = DetailViewController.swift; path = Collektor/View/DetailViewController.swift; sourceTree = SOURCE_ROOT; };
		AFC2C23C238B447C0014BEA2 /* Collektor.app */ = {isa = PBXFileReference; explicitFileType = wrapper.application; includeInIndex = 0; path = Collektor.app; sourceTree = BUILT_PRODUCTS_DIR; };
		AFC2C23F238B447C0014BEA2 /* AppDelegate.swift */ = {isa = PBXFileReference; lastKnownFileType = sourcecode.swift; path = AppDelegate.swift; sourceTree = "<group>"; };
		AFC2C243238B447C0014BEA2 /* SeriesViewController.swift */ = {isa = PBXFileReference; lastKnownFileType = sourcecode.swift; path = SeriesViewController.swift; sourceTree = "<group>"; };
		AFC2C246238B447C0014BEA2 /* Base */ = {isa = PBXFileReference; lastKnownFileType = file.storyboard; name = Base; path = Base.lproj/Main.storyboard; sourceTree = "<group>"; };
		AFC2C24B238B447E0014BEA2 /* Assets.xcassets */ = {isa = PBXFileReference; lastKnownFileType = folder.assetcatalog; path = Assets.xcassets; sourceTree = "<group>"; };
		AFC2C24E238B447E0014BEA2 /* Base */ = {isa = PBXFileReference; lastKnownFileType = file.storyboard; name = Base; path = Base.lproj/LaunchScreen.storyboard; sourceTree = "<group>"; };
		AFC2C250238B447E0014BEA2 /* Info.plist */ = {isa = PBXFileReference; lastKnownFileType = text.plist.xml; path = Info.plist; sourceTree = "<group>"; };
		AFC2C266238B9C780014BEA2 /* DeckViewController.swift */ = {isa = PBXFileReference; lastKnownFileType = sourcecode.swift; path = DeckViewController.swift; sourceTree = SOURCE_ROOT; };
		AFC2C270238C80A40014BEA2 /* CardViewController.swift */ = {isa = PBXFileReference; lastKnownFileType = sourcecode.swift; name = CardViewController.swift; path = Collektor/View/CardViewController.swift; sourceTree = SOURCE_ROOT; };
		AFF359FA2397519C00A69B20 /* Series.swift */ = {isa = PBXFileReference; lastKnownFileType = sourcecode.swift; path = Series.swift; sourceTree = SOURCE_ROOT; };
		AFF359FC239751B400A69B20 /* Deck.swift */ = {isa = PBXFileReference; lastKnownFileType = sourcecode.swift; path = Deck.swift; sourceTree = "<group>"; };
		AFF359FE239751C400A69B20 /* Card.swift */ = {isa = PBXFileReference; lastKnownFileType = sourcecode.swift; path = Card.swift; sourceTree = "<group>"; };
/* End PBXFileReference section */

/* Begin PBXFrameworksBuildPhase section */
		AFC2C239238B447C0014BEA2 /* Frameworks */ = {
			isa = PBXFrameworksBuildPhase;
			buildActionMask = 2147483647;
			files = (
				7B24F33B43966B20FF2B88E6 /* Pods_Collektor.framework in Frameworks */,
			);
			runOnlyForDeploymentPostprocessing = 0;
		};
/* End PBXFrameworksBuildPhase section */

/* Begin PBXGroup section */
		515D201C23566BF76401F9D1 /* Frameworks */ = {
			isa = PBXGroup;
			children = (
				6DB2EDD8810681B7753047D9 /* Pods_Collektor.framework */,
			);
			name = Frameworks;
			sourceTree = "<group>";
		};
		7F22ED3CA0DCF319CFC42366 /* Pods */ = {
			isa = PBXGroup;
			children = (
				605C39E8618D4E26012775DB /* Pods-Collektor.debug.xcconfig */,
				00B4CE15377EC57FA3CC6D59 /* Pods-Collektor.release.xcconfig */,
			);
			path = Pods;
			sourceTree = "<group>";
		};
		AFC2C233238B447C0014BEA2 = {
			isa = PBXGroup;
			children = (
				AFC2C23E238B447C0014BEA2 /* Collektor */,
				AFC2C23D238B447C0014BEA2 /* Products */,
				7F22ED3CA0DCF319CFC42366 /* Pods */,
				515D201C23566BF76401F9D1 /* Frameworks */,
			);
			sourceTree = "<group>";
		};
		AFC2C23D238B447C0014BEA2 /* Products */ = {
			isa = PBXGroup;
			children = (
				AFC2C23C238B447C0014BEA2 /* Collektor.app */,
			);
			name = Products;
			sourceTree = "<group>";
		};
		AFC2C23E238B447C0014BEA2 /* Collektor */ = {
			isa = PBXGroup;
			children = (
				AFC2C23F238B447C0014BEA2 /* AppDelegate.swift */,
				AFC2C258238B5B380014BEA2 /* Model */,
				AFC2C259238B5C300014BEA2 /* Controller */,
				AFC2C25A238B5C4C0014BEA2 /* View */,
				AFC2C25B238B5C740014BEA2 /* Other */,
				AFC2C250238B447E0014BEA2 /* Info.plist */,
			);
			path = Collektor;
			sourceTree = "<group>";
		};
		AFC2C258238B5B380014BEA2 /* Model */ = {
			isa = PBXGroup;
			children = (
				AFF359FA2397519C00A69B20 /* Series.swift */,
				AFF359FC239751B400A69B20 /* Deck.swift */,
				AFF359FE239751C400A69B20 /* Card.swift */,
			);
			path = Model;
			sourceTree = "<group>";
		};
		AFC2C259238B5C300014BEA2 /* Controller */ = {
			isa = PBXGroup;
			children = (
				AFC2C243238B447C0014BEA2 /* SeriesViewController.swift */,
				AFC2C266238B9C780014BEA2 /* DeckViewController.swift */,
				AFC2C270238C80A40014BEA2 /* CardViewController.swift */,
				AF406965238E24E900CC1E18 /* DetailViewController.swift */,
			);
			path = Controller;
			sourceTree = "<group>";
		};
		AFC2C25A238B5C4C0014BEA2 /* View */ = {
			isa = PBXGroup;
			children = (
				AFC2C245238B447C0014BEA2 /* Main.storyboard */,
			);
			path = View;
			sourceTree = "<group>";
		};
		AFC2C25B238B5C740014BEA2 /* Other */ = {
			isa = PBXGroup;
			children = (
				AFC2C24B238B447E0014BEA2 /* Assets.xcassets */,
				AFC2C24D238B447E0014BEA2 /* LaunchScreen.storyboard */,
			);
			path = Other;
			sourceTree = "<group>";
		};
/* End PBXGroup section */

/* Begin PBXNativeTarget section */
		AFC2C23B238B447C0014BEA2 /* Collektor */ = {
			isa = PBXNativeTarget;
			buildConfigurationList = AFC2C253238B447E0014BEA2 /* Build configuration list for PBXNativeTarget "Collektor" */;
			buildPhases = (
				94D20CF669BA28FA4B3B2F1F /* [CP] Check Pods Manifest.lock */,
				AFC2C238238B447C0014BEA2 /* Sources */,
				AFC2C239238B447C0014BEA2 /* Frameworks */,
				AFC2C23A238B447C0014BEA2 /* Resources */,
				3AD336A4F22329E60D7350D5 /* [CP] Embed Pods Frameworks */,
			);
			buildRules = (
			);
			dependencies = (
			);
			name = Collektor;
			productName = Collektor;
			productReference = AFC2C23C238B447C0014BEA2 /* Collektor.app */;
			productType = "com.apple.product-type.application";
		};
/* End PBXNativeTarget section */

/* Begin PBXProject section */
		AFC2C234238B447C0014BEA2 /* Project object */ = {
			isa = PBXProject;
			attributes = {
				LastSwiftUpdateCheck = 1100;
				LastUpgradeCheck = 1100;
				ORGANIZATIONNAME = "Benji Garrison";
				TargetAttributes = {
					AFC2C23B238B447C0014BEA2 = {
						CreatedOnToolsVersion = 11.0;
						LastSwiftMigration = 1100;
					};
				};
			};
			buildConfigurationList = AFC2C237238B447C0014BEA2 /* Build configuration list for PBXProject "Collektor" */;
			compatibilityVersion = "Xcode 9.3";
			developmentRegion = en;
			hasScannedForEncodings = 0;
			knownRegions = (
				en,
				Base,
			);
			mainGroup = AFC2C233238B447C0014BEA2;
			productRefGroup = AFC2C23D238B447C0014BEA2 /* Products */;
			projectDirPath = "";
			projectRoot = "";
			targets = (
				AFC2C23B238B447C0014BEA2 /* Collektor */,
			);
		};
/* End PBXProject section */

/* Begin PBXResourcesBuildPhase section */
		AFC2C23A238B447C0014BEA2 /* Resources */ = {
			isa = PBXResourcesBuildPhase;
			buildActionMask = 2147483647;
			files = (
				AFC2C24F238B447E0014BEA2 /* LaunchScreen.storyboard in Resources */,
				AFC2C24C238B447E0014BEA2 /* Assets.xcassets in Resources */,
				AFC2C247238B447C0014BEA2 /* Main.storyboard in Resources */,
			);
			runOnlyForDeploymentPostprocessing = 0;
		};
/* End PBXResourcesBuildPhase section */

/* Begin PBXShellScriptBuildPhase section */
		3AD336A4F22329E60D7350D5 /* [CP] Embed Pods Frameworks */ = {
			isa = PBXShellScriptBuildPhase;
			buildActionMask = 2147483647;
			files = (
			);
			inputFileListPaths = (
				"${PODS_ROOT}/Target Support Files/Pods-Collektor/Pods-Collektor-frameworks-${CONFIGURATION}-input-files.xcfilelist",
			);
			name = "[CP] Embed Pods Frameworks";
			outputFileListPaths = (
				"${PODS_ROOT}/Target Support Files/Pods-Collektor/Pods-Collektor-frameworks-${CONFIGURATION}-output-files.xcfilelist",
			);
			runOnlyForDeploymentPostprocessing = 0;
			shellPath = /bin/sh;
			shellScript = "\"${PODS_ROOT}/Target Support Files/Pods-Collektor/Pods-Collektor-frameworks.sh\"\n";
			showEnvVarsInLog = 0;
		};
		94D20CF669BA28FA4B3B2F1F /* [CP] Check Pods Manifest.lock */ = {
			isa = PBXShellScriptBuildPhase;
			buildActionMask = 2147483647;
			files = (
			);
			inputFileListPaths = (
			);
			inputPaths = (
				"${PODS_PODFILE_DIR_PATH}/Podfile.lock",
				"${PODS_ROOT}/Manifest.lock",
			);
			name = "[CP] Check Pods Manifest.lock";
			outputFileListPaths = (
			);
			outputPaths = (
				"$(DERIVED_FILE_DIR)/Pods-Collektor-checkManifestLockResult.txt",
			);
			runOnlyForDeploymentPostprocessing = 0;
			shellPath = /bin/sh;
			shellScript = "diff \"${PODS_PODFILE_DIR_PATH}/Podfile.lock\" \"${PODS_ROOT}/Manifest.lock\" > /dev/null\nif [ $? != 0 ] ; then\n    # print error to STDERR\n    echo \"error: The sandbox is not in sync with the Podfile.lock. Run 'pod install' or update your CocoaPods installation.\" >&2\n    exit 1\nfi\n# This output is used by Xcode 'outputs' to avoid re-running this script phase.\necho \"SUCCESS\" > \"${SCRIPT_OUTPUT_FILE_0}\"\n";
			showEnvVarsInLog = 0;
		};
/* End PBXShellScriptBuildPhase section */

/* Begin PBXSourcesBuildPhase section */
		AFC2C238238B447C0014BEA2 /* Sources */ = {
			isa = PBXSourcesBuildPhase;
			buildActionMask = 2147483647;
			files = (
				AF406966238E24E900CC1E18 /* DetailViewController.swift in Sources */,
				AFC2C244238B447C0014BEA2 /* SeriesViewController.swift in Sources */,
				AFC2C267238B9C780014BEA2 /* DeckViewController.swift in Sources */,
				AFF359FF239751C400A69B20 /* Card.swift in Sources */,
				AFC2C240238B447C0014BEA2 /* AppDelegate.swift in Sources */,
				AFF359FB2397519C00A69B20 /* Series.swift in Sources */,
				AFF359FD239751B400A69B20 /* Deck.swift in Sources */,
				AFC2C271238C80A40014BEA2 /* CardViewController.swift in Sources */,
			);
			runOnlyForDeploymentPostprocessing = 0;
		};
/* End PBXSourcesBuildPhase section */

/* Begin PBXVariantGroup section */
		AFC2C245238B447C0014BEA2 /* Main.storyboard */ = {
			isa = PBXVariantGroup;
			children = (
				AFC2C246238B447C0014BEA2 /* Base */,
			);
			name = Main.storyboard;
			sourceTree = "<group>";
		};
		AFC2C24D238B447E0014BEA2 /* LaunchScreen.storyboard */ = {
			isa = PBXVariantGroup;
			children = (
				AFC2C24E238B447E0014BEA2 /* Base */,
			);
			name = LaunchScreen.storyboard;
			sourceTree = "<group>";
		};
/* End PBXVariantGroup section */

/* Begin XCBuildConfiguration section */
		AFC2C251238B447E0014BEA2 /* Debug */ = {
			isa = XCBuildConfiguration;
			buildSettings = {
				ALWAYS_SEARCH_USER_PATHS = NO;
				CLANG_ANALYZER_NONNULL = YES;
				CLANG_ANALYZER_NUMBER_OBJECT_CONVERSION = YES_AGGRESSIVE;
				CLANG_CXX_LANGUAGE_STANDARD = "gnu++14";
				CLANG_CXX_LIBRARY = "libc++";
				CLANG_ENABLE_MODULES = YES;
				CLANG_ENABLE_OBJC_ARC = YES;
				CLANG_ENABLE_OBJC_WEAK = YES;
				CLANG_WARN_BLOCK_CAPTURE_AUTORELEASING = YES;
				CLANG_WARN_BOOL_CONVERSION = YES;
				CLANG_WARN_COMMA = YES;
				CLANG_WARN_CONSTANT_CONVERSION = YES;
				CLANG_WARN_DEPRECATED_OBJC_IMPLEMENTATIONS = YES;
				CLANG_WARN_DIRECT_OBJC_ISA_USAGE = YES_ERROR;
				CLANG_WARN_DOCUMENTATION_COMMENTS = YES;
				CLANG_WARN_EMPTY_BODY = YES;
				CLANG_WARN_ENUM_CONVERSION = YES;
				CLANG_WARN_INFINITE_RECURSION = YES;
				CLANG_WARN_INT_CONVERSION = YES;
				CLANG_WARN_NON_LITERAL_NULL_CONVERSION = YES;
				CLANG_WARN_OBJC_IMPLICIT_RETAIN_SELF = YES;
				CLANG_WARN_OBJC_LITERAL_CONVERSION = YES;
				CLANG_WARN_OBJC_ROOT_CLASS = YES_ERROR;
				CLANG_WARN_RANGE_LOOP_ANALYSIS = YES;
				CLANG_WARN_STRICT_PROTOTYPES = YES;
				CLANG_WARN_SUSPICIOUS_MOVE = YES;
				CLANG_WARN_UNGUARDED_AVAILABILITY = YES_AGGRESSIVE;
				CLANG_WARN_UNREACHABLE_CODE = YES;
				CLANG_WARN__DUPLICATE_METHOD_MATCH = YES;
				COPY_PHASE_STRIP = NO;
				DEBUG_INFORMATION_FORMAT = dwarf;
				ENABLE_STRICT_OBJC_MSGSEND = YES;
				ENABLE_TESTABILITY = YES;
				GCC_C_LANGUAGE_STANDARD = gnu11;
				GCC_DYNAMIC_NO_PIC = NO;
				GCC_NO_COMMON_BLOCKS = YES;
				GCC_OPTIMIZATION_LEVEL = 0;
				GCC_PREPROCESSOR_DEFINITIONS = (
					"DEBUG=1",
					"$(inherited)",
				);
				GCC_WARN_64_TO_32_BIT_CONVERSION = YES;
				GCC_WARN_ABOUT_RETURN_TYPE = YES_ERROR;
				GCC_WARN_UNDECLARED_SELECTOR = YES;
				GCC_WARN_UNINITIALIZED_AUTOS = YES_AGGRESSIVE;
				GCC_WARN_UNUSED_FUNCTION = YES;
				GCC_WARN_UNUSED_VARIABLE = YES;
				IPHONEOS_DEPLOYMENT_TARGET = 13.0;
				MTL_ENABLE_DEBUG_INFO = INCLUDE_SOURCE;
				MTL_FAST_MATH = YES;
				ONLY_ACTIVE_ARCH = YES;
				SDKROOT = iphoneos;
				SWIFT_ACTIVE_COMPILATION_CONDITIONS = DEBUG;
				SWIFT_OPTIMIZATION_LEVEL = "-Onone";
			};
			name = Debug;
		};
		AFC2C252238B447E0014BEA2 /* Release */ = {
			isa = XCBuildConfiguration;
			buildSettings = {
				ALWAYS_SEARCH_USER_PATHS = NO;
				CLANG_ANALYZER_NONNULL = YES;
				CLANG_ANALYZER_NUMBER_OBJECT_CONVERSION = YES_AGGRESSIVE;
				CLANG_CXX_LANGUAGE_STANDARD = "gnu++14";
				CLANG_CXX_LIBRARY = "libc++";
				CLANG_ENABLE_MODULES = YES;
				CLANG_ENABLE_OBJC_ARC = YES;
				CLANG_ENABLE_OBJC_WEAK = YES;
				CLANG_WARN_BLOCK_CAPTURE_AUTORELEASING = YES;
				CLANG_WARN_BOOL_CONVERSION = YES;
				CLANG_WARN_COMMA = YES;
				CLANG_WARN_CONSTANT_CONVERSION = YES;
				CLANG_WARN_DEPRECATED_OBJC_IMPLEMENTATIONS = YES;
				CLANG_WARN_DIRECT_OBJC_ISA_USAGE = YES_ERROR;
				CLANG_WARN_DOCUMENTATION_COMMENTS = YES;
				CLANG_WARN_EMPTY_BODY = YES;
				CLANG_WARN_ENUM_CONVERSION = YES;
				CLANG_WARN_INFINITE_RECURSION = YES;
				CLANG_WARN_INT_CONVERSION = YES;
				CLANG_WARN_NON_LITERAL_NULL_CONVERSION = YES;
				CLANG_WARN_OBJC_IMPLICIT_RETAIN_SELF = YES;
				CLANG_WARN_OBJC_LITERAL_CONVERSION = YES;
				CLANG_WARN_OBJC_ROOT_CLASS = YES_ERROR;
				CLANG_WARN_RANGE_LOOP_ANALYSIS = YES;
				CLANG_WARN_STRICT_PROTOTYPES = YES;
				CLANG_WARN_SUSPICIOUS_MOVE = YES;
				CLANG_WARN_UNGUARDED_AVAILABILITY = YES_AGGRESSIVE;
				CLANG_WARN_UNREACHABLE_CODE = YES;
				CLANG_WARN__DUPLICATE_METHOD_MATCH = YES;
				COPY_PHASE_STRIP = NO;
				DEBUG_INFORMATION_FORMAT = "dwarf-with-dsym";
				ENABLE_NS_ASSERTIONS = NO;
				ENABLE_STRICT_OBJC_MSGSEND = YES;
				GCC_C_LANGUAGE_STANDARD = gnu11;
				GCC_NO_COMMON_BLOCKS = YES;
				GCC_WARN_64_TO_32_BIT_CONVERSION = YES;
				GCC_WARN_ABOUT_RETURN_TYPE = YES_ERROR;
				GCC_WARN_UNDECLARED_SELECTOR = YES;
				GCC_WARN_UNINITIALIZED_AUTOS = YES_AGGRESSIVE;
				GCC_WARN_UNUSED_FUNCTION = YES;
				GCC_WARN_UNUSED_VARIABLE = YES;
				IPHONEOS_DEPLOYMENT_TARGET = 13.0;
				MTL_ENABLE_DEBUG_INFO = NO;
				MTL_FAST_MATH = YES;
				SDKROOT = iphoneos;
				SWIFT_COMPILATION_MODE = wholemodule;
				SWIFT_OPTIMIZATION_LEVEL = "-O";
				VALIDATE_PRODUCT = YES;
			};
			name = Release;
		};
		AFC2C254238B447E0014BEA2 /* Debug */ = {
			isa = XCBuildConfiguration;
			baseConfigurationReference = 605C39E8618D4E26012775DB /* Pods-Collektor.debug.xcconfig */;
			buildSettings = {
				ASSETCATALOG_COMPILER_APPICON_NAME = AppIcon;
				CODE_SIGN_STYLE = Automatic;
				DEVELOPMENT_TEAM = J8HRFYT9P7;
				INFOPLIST_FILE = Collektor/Info.plist;
				IPHONEOS_DEPLOYMENT_TARGET = 12.4;
				LD_RUNPATH_SEARCH_PATHS = (
					"$(inherited)",
					"@executable_path/Frameworks",
				);
				PRODUCT_BUNDLE_IDENTIFIER = com.benjiGarrison.Collektor;
				PRODUCT_NAME = "$(TARGET_NAME)";
				SWIFT_VERSION = 4.2;
				TARGETED_DEVICE_FAMILY = "1,2";
			};
			name = Debug;
		};
		AFC2C255238B447E0014BEA2 /* Release */ = {
			isa = XCBuildConfiguration;
			baseConfigurationReference = 00B4CE15377EC57FA3CC6D59 /* Pods-Collektor.release.xcconfig */;
			buildSettings = {
				ASSETCATALOG_COMPILER_APPICON_NAME = AppIcon;
				CODE_SIGN_STYLE = Automatic;
				DEVELOPMENT_TEAM = J8HRFYT9P7;
				INFOPLIST_FILE = Collektor/Info.plist;
				IPHONEOS_DEPLOYMENT_TARGET = 12.4;
				LD_RUNPATH_SEARCH_PATHS = (
					"$(inherited)",
					"@executable_path/Frameworks",
				);
				PRODUCT_BUNDLE_IDENTIFIER = com.benjiGarrison.Collektor;
				PRODUCT_NAME = "$(TARGET_NAME)";
				SWIFT_VERSION = 4.2;
				TARGETED_DEVICE_FAMILY = "1,2";
			};
			name = Release;
		};
/* End XCBuildConfiguration section */

/* Begin XCConfigurationList section */
		AFC2C237238B447C0014BEA2 /* Build configuration list for PBXProject "Collektor" */ = {
			isa = XCConfigurationList;
			buildConfigurations = (
				AFC2C251238B447E0014BEA2 /* Debug */,
				AFC2C252238B447E0014BEA2 /* Release */,
			);
			defaultConfigurationIsVisible = 0;
			defaultConfigurationName = Release;
		};
		AFC2C253238B447E0014BEA2 /* Build configuration list for PBXNativeTarget "Collektor" */ = {
			isa = XCConfigurationList;
			buildConfigurations = (
				AFC2C254238B447E0014BEA2 /* Debug */,
				AFC2C255238B447E0014BEA2 /* Release */,
			);
			defaultConfigurationIsVisible = 0;
			defaultConfigurationName = Release;
		};
/* End XCConfigurationList section */
	};
	rootObject = AFC2C234238B447C0014BEA2 /* Project object */;
}
